
Microsoft Visual Studio Solution File, Format Version 11.00
# Visual Studio 2010
Project("{FAE04EC0-301F-11D3-BF4B-00C04F79EFBC}") = "Assembly-CSharp", "Assembly-CSharp.csproj", "{6DA0BEF2-F02E-113E-1B3F-7565562AF589}"
EndProject
Project("{FAE04EC0-301F-11D3-BF4B-00C04F79EFBC}") = "Assembly-CSharp-Editor", "Assembly-CSharp-Editor.csproj", "{CE1B75D3-9B55-6241-0501-44A7343B88C0}"
EndProject
Global
	GlobalSection(SolutionConfigurationPlatforms) = preSolution
		Debug|Any CPU = Debug|Any CPU
		Release|Any CPU = Release|Any CPU
	EndGlobalSection
	GlobalSection(ProjectConfigurationPlatforms) = postSolution
		{6DA0BEF2-F02E-113E-1B3F-7565562AF589}.Debug|Any CPU.ActiveCfg = Debug|Any CPU
		{6DA0BEF2-F02E-113E-1B3F-7565562AF589}.Debug|Any CPU.Build.0 = Debug|Any CPU
		{6DA0BEF2-F02E-113E-1B3F-7565562AF589}.Release|Any CPU.ActiveCfg = Release|Any CPU
		{6DA0BEF2-F02E-113E-1B3F-7565562AF589}.Release|Any CPU.Build.0 = Release|Any CPU
		{CE1B75D3-9B55-6241-0501-44A7343B88C0}.Debug|Any CPU.ActiveCfg = Debug|Any CPU
		{CE1B75D3-9B55-6241-0501-44A7343B88C0}.Debug|Any CPU.Build.0 = Debug|Any CPU
		{CE1B75D3-9B55-6241-0501-44A7343B88C0}.Release|Any CPU.ActiveCfg = Release|Any CPU
		{CE1B75D3-9B55-6241-0501-44A7343B88C0}.Release|Any CPU.Build.0 = Release|Any CPU
	EndGlobalSection
	GlobalSection(SolutionProperties) = preSolution
		HideSolutionNode = FALSE
	EndGlobalSection
EndGlobal
